
Microsoft Visual Studio Solution File, Format Version 12.00
# Visual Studio Version 17
VisualStudioVersion = 17.3.32825.248
MinimumVisualStudioVersion = 10.0.40219.1
Project("{FAE04EC0-301F-11D3-BF4B-00C04F79EFBC}") = "Calculator C №1", "Calculator C №1.csproj", "{D38615AF-723C-41FA-B43E-04AB1C69F733}"
EndProject
Global
	GlobalSection(SolutionConfigurationPlatforms) = preSolution
		Debug|Any CPU = Debug|Any CPU
		Release|Any CPU = Release|Any CPU
	EndGlobalSection
	GlobalSection(ProjectConfigurationPlatforms) = postSolution
		{D38615AF-723C-41FA-B43E-04AB1C69F733}.Debug|Any CPU.ActiveCfg = Debug|Any CPU
		{D38615AF-723C-41FA-B43E-04AB1C69F733}.Debug|Any CPU.Build.0 = Debug|Any CPU
		{D38615AF-723C-41FA-B43E-04AB1C69F733}.Release|Any CPU.ActiveCfg = Release|Any CPU
		{D38615AF-723C-41FA-B43E-04AB1C69F733}.Release|Any CPU.Build.0 = Release|Any CPU
	EndGlobalSection
	GlobalSection(SolutionProperties) = preSolution
		HideSolutionNode = FALSE
	EndGlobalSection
	GlobalSection(ExtensibilityGlobals) = postSolution
		SolutionGuid = {522D288C-BFFC-4267-9B2B-58DDE42BF5A8}
	EndGlobalSection
EndGlobal
